<?xml version="1.0" encoding="utf-8"?>
<Project ToolsVersion="4.0" xmlns="http://schemas.microsoft.com/developer/msbuild/2003">
  <ItemGroup>
    <Filter Include="App">
      <UniqueIdentifier>{31e94022-f92d-43b3-a98c-1621cf88a9d9}</UniqueIdentifier>
    </Filter>
    <Filter Include="FrameView">
      <UniqueIdentifier>{04eb2ede-344e-4698-916b-9db0e8754879}</UniqueIdentifier>
    </Filter>
    <Filter Include="Dlgs">
      <UniqueIdentifier>{8ed675b3-adb5-42ea-9b3e-a0603571048d}</UniqueIdentifier>
    </Filter>
  </ItemGroup>
  <ItemGroup>
    <ClInclude Include="PX2N_App.hpp">
      <Filter>App</Filter>
    </ClInclude>
    <ClInclude Include="PX2N_Pre.hpp" />
    <ClInclude Include="PX2N_Frame.hpp">
      <Filter>FrameView</Filter>
    </ClInclude>
    <ClInclude Include="PX2N_RenderView.hpp">
      <Filter>FrameView</Filter>
    </ClInclude>
    <ClInclude Include="PX2N_DlgCreateProject.hpp">
      <Filter>Dlgs</Filter>
    </ClInclude>
  </ItemGroup>
  <ItemGroup>
    <ClCompile Include="PX2N_App.cpp">
      <Filter>App</Filter>
    </ClCompile>
    <ClCompile Include="PX2N_Frame.cpp">
      <Filter>FrameView</Filter>
    </ClCompile>
    <ClCompile Include="PX2N_Frame_Frames.cpp">
      <Filter>FrameView</Filter>
    </ClCompile>
    <ClCompile Include="PX2N_Frame_Menu.cpp">
      <Filter>FrameView</Filter>
    </ClCompile>
    <ClCompile Include="PX2N_RenderView.cpp">
      <Filter>FrameView</Filter>
    </ClCompile>
    <ClCompile Include="PX2N_DlgCreateProject.cpp">
      <Filter>Dlgs</Filter>
    </ClCompile>
    <ClCompile Include="PX2N_Frame_General.cpp">
      <Filter>FrameView</Filter>
    </ClCompile>
  </ItemGroup>
</Project>