<?xml version="1.0" encoding="utf-8"?>
<Project ToolsVersion="4.0" xmlns="http://schemas.microsoft.com/developer/msbuild/2003">
  <ItemGroup>
    <ClInclude Include="QPuzzlePre.hpp" />
    <ClInclude Include="QPuzzlePlugin.hpp">
      <Filter>PluginExport</Filter>
    </ClInclude>
    <ClInclude Include="QPuzzleManager.hpp">
      <Filter>Manager</Filter>
    </ClInclude>
    <ClInclude Include="QPuzzleLua.hpp" />
    <ClInclude Include="QPuzzleClientConnect.hpp">
      <Filter>Connector</Filter>
    </ClInclude>
    <ClInclude Include="..\WALLEProto\walle.pb.h">
      <Filter>WALLEProto</Filter>
    </ClInclude>
  </ItemGroup>
  <ItemGroup>
    <Filter Include="PluginExport">
      <UniqueIdentifier>{dc482a6e-35bf-43d3-ad1e-5a7b363abe96}</UniqueIdentifier>
    </Filter>
    <Filter Include="Manager">
      <UniqueIdentifier>{d0c92e4b-31a8-402b-8d92-055a5b344496}</UniqueIdentifier>
    </Filter>
    <Filter Include="Connector">
      <UniqueIdentifier>{2248601a-99fc-405b-a942-acb7bb7bd71b}</UniqueIdentifier>
    </Filter>
    <Filter Include="WALLEProto">
      <UniqueIdentifier>{5eda8b70-0911-43bb-b772-782350eb0be6}</UniqueIdentifier>
    </Filter>
  </ItemGroup>
  <ItemGroup>
    <ClCompile Include="QPuzzlePlugin.cpp">
      <Filter>PluginExport</Filter>
    </ClCompile>
    <ClCompile Include="QPuzzleManager.cpp">
      <Filter>Manager</Filter>
    </ClCompile>
    <ClCompile Include="QPuzzleDll.cpp">
      <Filter>PluginExport</Filter>
    </ClCompile>
    <ClCompile Include="QPuzzleClientConnect.cpp">
      <Filter>Connector</Filter>
    </ClCompile>
    <ClCompile Include="..\WALLEProto\walle.pb.cc">
      <Filter>WALLEProto</Filter>
    </ClCompile>
  </ItemGroup>
</Project>