<?xml version="1.0" encoding="utf-8"?>
<Project ToolsVersion="4.0" xmlns="http://schemas.microsoft.com/developer/msbuild/2003">
  <ItemGroup>
    <ClCompile Include="PX2Brush.cpp">
      <Filter>Edit\Brush</Filter>
    </ClCompile>
    <ClCompile Include="PX2EditEventData.cpp">
      <Filter>Events</Filter>
    </ClCompile>
    <ClCompile Include="PX2EditEventHandler.cpp">
      <Filter>Events</Filter>
    </ClCompile>
    <ClCompile Include="PX2EditorEventType.cpp">
      <Filter>Events</Filter>
    </ClCompile>
    <ClCompile Include="PX2EU_CanvasPreView.cpp">
      <Filter>UI\StageFrames\Preview</Filter>
    </ClCompile>
    <ClCompile Include="PX2EditParams.cpp">
      <Filter>Params</Filter>
    </ClCompile>
    <ClCompile Include="PX2EU_ConsoleFrame.cpp">
      <Filter>UI\Console</Filter>
    </ClCompile>
    <ClCompile Include="PX2EU_BluePrintFrame.cpp">
      <Filter>UI\StageFrames\BluePrint</Filter>
    </ClCompile>
    <ClCompile Include="PX2EU_BPFrame.cpp">
      <Filter>UI\StageFrames\BluePrint</Filter>
    </ClCompile>
    <ClCompile Include="PX2TerrainBrush.cpp">
      <Filter>Edit\Terrain</Filter>
    </ClCompile>
    <ClCompile Include="PX2TerrainEdit.cpp">
      <Filter>Edit\Terrain</Filter>
    </ClCompile>
    <ClCompile Include="PX2TerrainProcess.cpp">
      <Filter>Edit\Terrain</Filter>
    </ClCompile>
    <ClCompile Include="PX2EU_ProjectTree.cpp">
      <Filter>UI\ProjectTree</Filter>
    </ClCompile>
    <ClCompile Include="PX2EU_ProjectFrame.cpp">
      <Filter>UI\ProjectTree</Filter>
    </ClCompile>
    <ClCompile Include="PX2EU_ProjectItem.cpp">
      <Filter>UI\ProjectTree</Filter>
    </ClCompile>
    <ClCompile Include="PX2EU_ResTree.cpp">
      <Filter>UI\ResTree</Filter>
    </ClCompile>
    <ClCompile Include="PX2EU_ResList.cpp">
      <Filter>UI\ResTree</Filter>
    </ClCompile>
    <ClCompile Include="PX2EU_CF_BluePrint.cpp">
      <Filter>UI\Logic</Filter>
    </ClCompile>
    <ClCompile Include="PX2EU_ResFrame.cpp">
      <Filter>UI\ResTree</Filter>
    </ClCompile>
    <ClCompile Include="PX2EU_ResGridItem.cpp">
      <Filter>UI\ResTree</Filter>
    </ClCompile>
    <ClCompile Include="PX2EU_PreViewFrame.cpp">
      <Filter>UI\PreView</Filter>
    </ClCompile>
    <ClCompile Include="PX2EU_CreateFrame.cpp">
      <Filter>UI\Create</Filter>
    </ClCompile>
    <ClCompile Include="PX2EU_TimeLineFrame.cpp">
      <Filter>UI\TimeLine</Filter>
    </ClCompile>
    <ClCompile Include="PX2UIObjectCtrl.cpp">
      <Filter>Edit\Ctrl</Filter>
    </ClCompile>
    <ClCompile Include="PX2SelectResData.cpp">
      <Filter>Edit\Ctrl</Filter>
    </ClCompile>
    <ClCompile Include="PX2SceneNodeCtrl.cpp">
      <Filter>Edit\Ctrl</Filter>
    </ClCompile>
    <ClCompile Include="PX2GeoObjFactory.cpp">
      <Filter>Edit\Untity</Filter>
    </ClCompile>
    <ClCompile Include="PX2EU_Manager.cpp">
      <Filter>UI</Filter>
    </ClCompile>
    <ClCompile Include="PX2Curve.cpp">
      <Filter>Edit\TimeLineCurve</Filter>
    </ClCompile>
    <ClCompile Include="PX2CurveCtrl.cpp">
      <Filter>Edit\TimeLineCurve</Filter>
    </ClCompile>
    <ClCompile Include="PX2CurveGroup.cpp">
      <Filter>Edit\TimeLineCurve</Filter>
    </ClCompile>
    <ClCompile Include="PX2EditTimeLineEdit.cpp">
      <Filter>Edit\TimeLineCurve</Filter>
    </ClCompile>
    <ClCompile Include="PX2UICurveGroup.cpp">
      <Filter>Edit\TimeLineCurve</Filter>
    </ClCompile>
    <ClCompile Include="PX2Edit.cpp">
      <Filter>Edit</Filter>
    </ClCompile>
    <ClCompile Include="ToScript\PX2EditorToLua.cpp">
      <Filter>ToScript</Filter>
    </ClCompile>
    <ClCompile Include="PX2EU_CanvasTimeLineEdit.cpp">
      <Filter>UI\TimeLine</Filter>
    </ClCompile>
    <ClCompile Include="PX2EU_CanvasStageSimu.cpp">
      <Filter>UI\StageFrames\StageSimu</Filter>
    </ClCompile>
    <ClCompile Include="PX2EU_ResGridFrame.cpp">
      <Filter>UI\ResTree</Filter>
    </ClCompile>
    <ClCompile Include="PX2EU_CanvasStage.cpp">
      <Filter>UI\StageFrames\Stage</Filter>
    </ClCompile>
    <ClCompile Include="PX2EU_CanvasStageUI.cpp">
      <Filter>UI\StageFrames\Stage</Filter>
    </ClCompile>
    <ClCompile Include="PX2EU_SimuFrame.cpp">
      <Filter>UI\StageFrames\StageSimu</Filter>
    </ClCompile>
    <ClCompile Include="PX2EU_StageFrame.cpp">
      <Filter>UI\StageFrames\Stage</Filter>
    </ClCompile>
    <ClCompile Include="PX2EU_ProjectEventController.cpp">
      <Filter>UI\StageFrames</Filter>
    </ClCompile>
    <ClCompile Include="PX2EU_PropertyGridRes.cpp">
      <Filter>UI\Inspector\Res</Filter>
    </ClCompile>
    <ClCompile Include="PX2EU_InspectorFrameRes.cpp">
      <Filter>UI\Inspector\Res</Filter>
    </ClCompile>
    <ClCompile Include="PX2EU_PropertyGrid.cpp">
      <Filter>UI\Inspector\Prop</Filter>
    </ClCompile>
    <ClCompile Include="PX2EU_InspectorFrame.cpp">
      <Filter>UI\Inspector</Filter>
    </ClCompile>
    <ClCompile Include="PX2EU_EditFrame.cpp">
      <Filter>UI\Inspector\Edit</Filter>
    </ClCompile>
    <ClCompile Include="PX2EditObject.cpp">
      <Filter>Edit</Filter>
    </ClCompile>
    <ClCompile Include="PX2EditObjectTerrain.cpp">
      <Filter>Edit\Terrain</Filter>
    </ClCompile>
    <ClCompile Include="PX2EU_CanvasBP.cpp">
      <Filter>UI\StageFrames\BluePrint</Filter>
    </ClCompile>
    <ClCompile Include="PX2EU_PropertyGridEdit.cpp">
      <Filter>UI\Inspector\Edit</Filter>
    </ClCompile>
  </ItemGroup>
  <ItemGroup>
    <ClInclude Include="PX2EditDefine.hpp" />
    <ClInclude Include="PX2Edits.hpp" />
    <ClInclude Include="PX2EditorPre.hpp" />
    <ClInclude Include="PX2Brush.hpp">
      <Filter>Edit\Brush</Filter>
    </ClInclude>
    <ClInclude Include="PX2EditEventData.hpp">
      <Filter>Events</Filter>
    </ClInclude>
    <ClInclude Include="PX2EditEventHandler.hpp">
      <Filter>Events</Filter>
    </ClInclude>
    <ClInclude Include="PX2EditorEventType.hpp">
      <Filter>Events</Filter>
    </ClInclude>
    <ClInclude Include="PX2EU_CanvasPreView.hpp">
      <Filter>UI\StageFrames\Preview</Filter>
    </ClInclude>
    <ClInclude Include="PX2EditParams.hpp">
      <Filter>Params</Filter>
    </ClInclude>
    <ClInclude Include="PX2EU_ConsoleFrame.hpp">
      <Filter>UI\Console</Filter>
    </ClInclude>
    <ClInclude Include="PX2EU_BluePrintFrame.hpp">
      <Filter>UI\StageFrames\BluePrint</Filter>
    </ClInclude>
    <ClInclude Include="PX2EU_BPFrame.hpp">
      <Filter>UI\StageFrames\BluePrint</Filter>
    </ClInclude>
    <ClInclude Include="PX2TerrainBrush.hpp">
      <Filter>Edit\Terrain</Filter>
    </ClInclude>
    <ClInclude Include="PX2TerrainEdit.hpp">
      <Filter>Edit\Terrain</Filter>
    </ClInclude>
    <ClInclude Include="PX2TerrainProcess.hpp">
      <Filter>Edit\Terrain</Filter>
    </ClInclude>
    <ClInclude Include="PX2EU_ProjectTree.hpp">
      <Filter>UI\ProjectTree</Filter>
    </ClInclude>
    <ClInclude Include="PX2EU_ProjectFrame.hpp">
      <Filter>UI\ProjectTree</Filter>
    </ClInclude>
    <ClInclude Include="PX2EU_ProjectItem.hpp">
      <Filter>UI\ProjectTree</Filter>
    </ClInclude>
    <ClInclude Include="PX2EU_ResList.hpp">
      <Filter>UI\ResTree</Filter>
    </ClInclude>
    <ClInclude Include="PX2EU_ResTree.hpp">
      <Filter>UI\ResTree</Filter>
    </ClInclude>
    <ClInclude Include="PX2EU_CF_BluePrint.hpp">
      <Filter>UI\Logic</Filter>
    </ClInclude>
    <ClInclude Include="PX2EU_ResFrame.hpp">
      <Filter>UI\ResTree</Filter>
    </ClInclude>
    <ClInclude Include="PX2EU_ResGridItem.hpp">
      <Filter>UI\ResTree</Filter>
    </ClInclude>
    <ClInclude Include="PX2EU_PreViewFrame.hpp">
      <Filter>UI\PreView</Filter>
    </ClInclude>
    <ClInclude Include="PX2EU_CreateFrame.hpp">
      <Filter>UI\Create</Filter>
    </ClInclude>
    <ClInclude Include="PX2EU_TimeLineFrame.hpp">
      <Filter>UI\TimeLine</Filter>
    </ClInclude>
    <ClInclude Include="PX2UIObjectCtrl.hpp">
      <Filter>Edit\Ctrl</Filter>
    </ClInclude>
    <ClInclude Include="PX2SelectResData.hpp">
      <Filter>Edit\Ctrl</Filter>
    </ClInclude>
    <ClInclude Include="PX2SceneNodeCtrl.hpp">
      <Filter>Edit\Ctrl</Filter>
    </ClInclude>
    <ClInclude Include="PX2GeoObjFactory.hpp">
      <Filter>Edit\Untity</Filter>
    </ClInclude>
    <ClInclude Include="PX2EU_Manager.hpp">
      <Filter>UI</Filter>
    </ClInclude>
    <ClInclude Include="PX2Curve.hpp">
      <Filter>Edit\TimeLineCurve</Filter>
    </ClInclude>
    <ClInclude Include="PX2CurveCtrl.hpp">
      <Filter>Edit\TimeLineCurve</Filter>
    </ClInclude>
    <ClInclude Include="PX2CurveGroup.hpp">
      <Filter>Edit\TimeLineCurve</Filter>
    </ClInclude>
    <ClInclude Include="PX2EditTimeLineEdit.hpp">
      <Filter>Edit\TimeLineCurve</Filter>
    </ClInclude>
    <ClInclude Include="PX2UICurveGroup.hpp">
      <Filter>Edit\TimeLineCurve</Filter>
    </ClInclude>
    <ClInclude Include="PX2Edit.hpp">
      <Filter>Edit</Filter>
    </ClInclude>
    <ClInclude Include="ToScript\PX2EditorToLua.hpp">
      <Filter>ToScript</Filter>
    </ClInclude>
    <ClInclude Include="PX2EU_CanvasTimeLineEdit.hpp">
      <Filter>UI\TimeLine</Filter>
    </ClInclude>
    <ClInclude Include="PX2EU_CanvasStageSimu.hpp">
      <Filter>UI\StageFrames\StageSimu</Filter>
    </ClInclude>
    <ClInclude Include="PX2EU_ResGridFrame.hpp">
      <Filter>UI\ResTree</Filter>
    </ClInclude>
    <ClInclude Include="PX2EU_CanvasStage.hpp">
      <Filter>UI\StageFrames\Stage</Filter>
    </ClInclude>
    <ClInclude Include="PX2EU_CanvasStageUI.hpp">
      <Filter>UI\StageFrames\Stage</Filter>
    </ClInclude>
    <ClInclude Include="PX2EU_SimuFrame.hpp">
      <Filter>UI\StageFrames\StageSimu</Filter>
    </ClInclude>
    <ClInclude Include="PX2EU_StageFrame.hpp">
      <Filter>UI\StageFrames\Stage</Filter>
    </ClInclude>
    <ClInclude Include="PX2EU_ProjectEventController.hpp">
      <Filter>UI\StageFrames</Filter>
    </ClInclude>
    <ClInclude Include="PX2EU_PropertyGridRes.hpp">
      <Filter>UI\Inspector\Res</Filter>
    </ClInclude>
    <ClInclude Include="PX2EU_InspectorFrameRes.hpp">
      <Filter>UI\Inspector\Res</Filter>
    </ClInclude>
    <ClInclude Include="PX2EU_PropertyGrid.hpp">
      <Filter>UI\Inspector\Prop</Filter>
    </ClInclude>
    <ClInclude Include="PX2EU_InspectorFrame.hpp">
      <Filter>UI\Inspector</Filter>
    </ClInclude>
    <ClInclude Include="PX2EU_EditFrame.hpp">
      <Filter>UI\Inspector\Edit</Filter>
    </ClInclude>
    <ClInclude Include="PX2EditObject.hpp">
      <Filter>Edit</Filter>
    </ClInclude>
    <ClInclude Include="PX2EditObjectTerrain.hpp">
      <Filter>Edit\Terrain</Filter>
    </ClInclude>
    <ClInclude Include="PX2EU_CanvasBP.hpp">
      <Filter>UI\StageFrames\BluePrint</Filter>
    </ClInclude>
    <ClInclude Include="PX2EU_PropertyGridEdit.hpp">
      <Filter>UI\Inspector\Edit</Filter>
    </ClInclude>
  </ItemGroup>
  <ItemGroup>
    <Filter Include="Events">
      <UniqueIdentifier>{1175a301-02bb-4e22-b6ca-2647bf689827}</UniqueIdentifier>
    </Filter>
    <Filter Include="Params">
      <UniqueIdentifier>{0592ed7a-9cd0-4ec7-b887-00897fd18722}</UniqueIdentifier>
    </Filter>
    <Filter Include="Edit">
      <UniqueIdentifier>{b73a57f2-3aa2-4b80-8b4c-f6590479b2bd}</UniqueIdentifier>
    </Filter>
    <Filter Include="Edit\Terrain">
      <UniqueIdentifier>{865ab688-a7ac-4adb-abc6-bdc2f9572783}</UniqueIdentifier>
    </Filter>
    <Filter Include="Edit\Ctrl">
      <UniqueIdentifier>{87e029dd-df67-4eaa-b2ea-b39374761ae2}</UniqueIdentifier>
    </Filter>
    <Filter Include="Edit\Brush">
      <UniqueIdentifier>{1d575cf1-7c4e-4f6a-ab2c-afae6795a3e9}</UniqueIdentifier>
    </Filter>
    <Filter Include="Edit\Untity">
      <UniqueIdentifier>{2e0c4650-9df6-431a-890d-62333fccc583}</UniqueIdentifier>
    </Filter>
    <Filter Include="UI">
      <UniqueIdentifier>{916b4053-315e-4d3b-accb-cbf87796527d}</UniqueIdentifier>
    </Filter>
    <Filter Include="UI\Console">
      <UniqueIdentifier>{4f16d1e5-beca-4194-921e-10ea94b9b498}</UniqueIdentifier>
    </Filter>
    <Filter Include="UI\Inspector">
      <UniqueIdentifier>{072e8d07-09eb-40c5-91ba-64925733c817}</UniqueIdentifier>
    </Filter>
    <Filter Include="UI\Logic">
      <UniqueIdentifier>{6fc7c37e-76ac-4997-abfd-62655d4a1554}</UniqueIdentifier>
    </Filter>
    <Filter Include="UI\Create">
      <UniqueIdentifier>{07425bdd-9508-45ec-af1e-dfd581d874aa}</UniqueIdentifier>
    </Filter>
    <Filter Include="UI\PreView">
      <UniqueIdentifier>{f202a226-a174-4817-bc2c-d353b36317d5}</UniqueIdentifier>
    </Filter>
    <Filter Include="UI\ResTree">
      <UniqueIdentifier>{c862d81c-2461-44b9-85f4-036370ee0880}</UniqueIdentifier>
    </Filter>
    <Filter Include="UI\ProjectTree">
      <UniqueIdentifier>{71cad9fe-6144-42d7-818e-da4676bd6d5f}</UniqueIdentifier>
    </Filter>
    <Filter Include="UI\TimeLine">
      <UniqueIdentifier>{cb5e7009-209b-4c5b-9b3d-d3f0a978f5e6}</UniqueIdentifier>
    </Filter>
    <Filter Include="Edit\TimeLineCurve">
      <UniqueIdentifier>{a86589ba-4f2b-43bf-bed0-72a477af8d75}</UniqueIdentifier>
    </Filter>
    <Filter Include="ToScript">
      <UniqueIdentifier>{e5941a28-b5cb-4e61-8623-4e48412da0d2}</UniqueIdentifier>
    </Filter>
    <Filter Include="UI\StageFrames">
      <UniqueIdentifier>{bbdff762-77a6-4139-9c0b-4779fd34a8dc}</UniqueIdentifier>
    </Filter>
    <Filter Include="UI\StageFrames\StageSimu">
      <UniqueIdentifier>{b05a0185-4ad0-4796-8c8a-c2e74aa309fd}</UniqueIdentifier>
    </Filter>
    <Filter Include="UI\StageFrames\Stage">
      <UniqueIdentifier>{bf03ee78-bc19-4610-b6bb-ef742f9ba505}</UniqueIdentifier>
    </Filter>
    <Filter Include="UI\Inspector\Res">
      <UniqueIdentifier>{1ce5f96b-aa35-45cb-9e02-e3dc2251b331}</UniqueIdentifier>
    </Filter>
    <Filter Include="UI\Inspector\Prop">
      <UniqueIdentifier>{818b2268-fe6f-4ce2-9241-2978e92cfd73}</UniqueIdentifier>
    </Filter>
    <Filter Include="UI\Inspector\Edit">
      <UniqueIdentifier>{d56115e1-b4d0-43a9-8ccb-4638afba8bb1}</UniqueIdentifier>
    </Filter>
    <Filter Include="UI\StageFrames\Preview">
      <UniqueIdentifier>{56004526-447a-4b84-be97-9145f27e1e00}</UniqueIdentifier>
    </Filter>
    <Filter Include="UI\StageFrames\BluePrint">
      <UniqueIdentifier>{e8a2b78b-2db5-4cfe-824a-32d8c2e9509d}</UniqueIdentifier>
    </Filter>
  </ItemGroup>
  <ItemGroup>
    <None Include="PX2Edit.inl">
      <Filter>Edit</Filter>
    </None>
  </ItemGroup>
</Project>