
Microsoft Visual Studio Solution File, Format Version 12.00
# Visual Studio 2013
VisualStudioVersion = 12.0.21005.1
MinimumVisualStudioVersion = 10.0.40219.1
Project("{8BC9CEB8-8B4A-11D0-8D11-00A0C91BC942}") = "PX2AppPlayer", "PX2AppPlayer\PX2AppPlayer.vcxproj", "{CC93BCA6-6B15-4859-88DC-0747C4A06BCA}"
	ProjectSection(ProjectDependencies) = postProject
		{028CD2AA-AD64-41E2-8B5D-23A81CCB1068} = {028CD2AA-AD64-41E2-8B5D-23A81CCB1068}
	EndProjectSection
EndProject
Project("{2150E333-8FDC-42A3-9474-1A3956D46DE8}") = "Tools", "Tools", "{C73BBAF5-B35C-4A0D-8676-213D8CEA5FDA}"
EndProject
Project("{2150E333-8FDC-42A3-9474-1A3956D46DE8}") = "Libs", "Libs", "{A4BBF7E5-8154-454C-A3BF-69E640F00D21}"
EndProject
Project("{2150E333-8FDC-42A3-9474-1A3956D46DE8}") = "Player", "Player", "{22C99FB5-AE52-43FE-8E50-65A40BE5A9D8}"
EndProject
Project("{2150E333-8FDC-42A3-9474-1A3956D46DE8}") = "Projects", "Projects", "{6F9C753A-F093-4AD9-A05F-A718FF5A0982}"
EndProject
Project("{8BC9CEB8-8B4A-11D0-8D11-00A0C91BC942}") = "FxCompiler", "Tools\FxCompiler\FxCompiler.vcxproj", "{739203C8-CB6E-4114-873E-2BE156583909}"
EndProject
Project("{2150E333-8FDC-42A3-9474-1A3956D46DE8}") = "Clients", "Clients", "{0F2DDA09-4937-46B3-BAF9-62DA979772A6}"
EndProject
Project("{2150E333-8FDC-42A3-9474-1A3956D46DE8}") = "Server", "Server", "{5B6ECEEC-AA17-4FE8-B332-0406DDC27CE3}"
EndProject
Project("{2150E333-8FDC-42A3-9474-1A3956D46DE8}") = "Launcher", "Launcher", "{6FCCB6AB-2C5D-4C09-9327-9E3AD08D52C8}"
EndProject
Project("{8BC9CEB8-8B4A-11D0-8D11-00A0C91BC942}") = "PkgParser", "Tools\PkgParser\PkgParser.vcxproj", "{A85E0822-48A6-4368-A8D3-8D1575415447}"
EndProject
Project("{8BC9CEB8-8B4A-11D0-8D11-00A0C91BC942}") = "PX2Engine", "PX2Engine\PX2Engine.vcxproj", "{028CD2AA-AD64-41E2-8B5D-23A81CCB1068}"
EndProject
Project("{8BC9CEB8-8B4A-11D0-8D11-00A0C91BC942}") = "ESPad", "Projects\Client\ESPad\ESPad.vcxproj", "{874ED393-0310-44BD-9005-C67AD42F1DB4}"
EndProject
Global
	GlobalSection(SolutionConfigurationPlatforms) = preSolution
		Debug|Win32 = Debug|Win32
		Debug|x64 = Debug|x64
		GamePlayBuild32|Win32 = GamePlayBuild32|Win32
		GamePlayBuild32|x64 = GamePlayBuild32|x64
		Release|Win32 = Release|Win32
		Release|x64 = Release|x64
		ToolsBuild32|Win32 = ToolsBuild32|Win32
		ToolsBuild32|x64 = ToolsBuild32|x64
	EndGlobalSection
	GlobalSection(ProjectConfigurationPlatforms) = postSolution
		{CC93BCA6-6B15-4859-88DC-0747C4A06BCA}.Debug|Win32.ActiveCfg = Debug|Win32
		{CC93BCA6-6B15-4859-88DC-0747C4A06BCA}.Debug|Win32.Build.0 = Debug|Win32
		{CC93BCA6-6B15-4859-88DC-0747C4A06BCA}.Debug|x64.ActiveCfg = Debug|x64
		{CC93BCA6-6B15-4859-88DC-0747C4A06BCA}.Debug|x64.Build.0 = Debug|x64
		{CC93BCA6-6B15-4859-88DC-0747C4A06BCA}.GamePlayBuild32|Win32.ActiveCfg = Release|Win32
		{CC93BCA6-6B15-4859-88DC-0747C4A06BCA}.GamePlayBuild32|Win32.Build.0 = Release|Win32
		{CC93BCA6-6B15-4859-88DC-0747C4A06BCA}.GamePlayBuild32|x64.ActiveCfg = Release|x64
		{CC93BCA6-6B15-4859-88DC-0747C4A06BCA}.GamePlayBuild32|x64.Build.0 = Release|x64
		{CC93BCA6-6B15-4859-88DC-0747C4A06BCA}.Release|Win32.ActiveCfg = Release|Win32
		{CC93BCA6-6B15-4859-88DC-0747C4A06BCA}.Release|Win32.Build.0 = Release|Win32
		{CC93BCA6-6B15-4859-88DC-0747C4A06BCA}.Release|x64.ActiveCfg = Release|x64
		{CC93BCA6-6B15-4859-88DC-0747C4A06BCA}.Release|x64.Build.0 = Release|x64
		{CC93BCA6-6B15-4859-88DC-0747C4A06BCA}.ToolsBuild32|Win32.ActiveCfg = Release|Win32
		{CC93BCA6-6B15-4859-88DC-0747C4A06BCA}.ToolsBuild32|Win32.Build.0 = Release|Win32
		{CC93BCA6-6B15-4859-88DC-0747C4A06BCA}.ToolsBuild32|x64.ActiveCfg = Release|x64
		{CC93BCA6-6B15-4859-88DC-0747C4A06BCA}.ToolsBuild32|x64.Build.0 = Release|x64
		{739203C8-CB6E-4114-873E-2BE156583909}.Debug|Win32.ActiveCfg = Debug|Win32
		{739203C8-CB6E-4114-873E-2BE156583909}.Debug|Win32.Build.0 = Debug|Win32
		{739203C8-CB6E-4114-873E-2BE156583909}.Debug|x64.ActiveCfg = Debug|x64
		{739203C8-CB6E-4114-873E-2BE156583909}.Debug|x64.Build.0 = Debug|x64
		{739203C8-CB6E-4114-873E-2BE156583909}.GamePlayBuild32|Win32.ActiveCfg = Release|Win32
		{739203C8-CB6E-4114-873E-2BE156583909}.GamePlayBuild32|Win32.Build.0 = Release|Win32
		{739203C8-CB6E-4114-873E-2BE156583909}.GamePlayBuild32|x64.ActiveCfg = Release|x64
		{739203C8-CB6E-4114-873E-2BE156583909}.GamePlayBuild32|x64.Build.0 = Release|x64
		{739203C8-CB6E-4114-873E-2BE156583909}.Release|Win32.ActiveCfg = Release|Win32
		{739203C8-CB6E-4114-873E-2BE156583909}.Release|Win32.Build.0 = Release|Win32
		{739203C8-CB6E-4114-873E-2BE156583909}.Release|x64.ActiveCfg = Release|x64
		{739203C8-CB6E-4114-873E-2BE156583909}.Release|x64.Build.0 = Release|x64
		{739203C8-CB6E-4114-873E-2BE156583909}.ToolsBuild32|Win32.ActiveCfg = Release|Win32
		{739203C8-CB6E-4114-873E-2BE156583909}.ToolsBuild32|Win32.Build.0 = Release|Win32
		{739203C8-CB6E-4114-873E-2BE156583909}.ToolsBuild32|x64.ActiveCfg = Release|x64
		{739203C8-CB6E-4114-873E-2BE156583909}.ToolsBuild32|x64.Build.0 = Release|x64
		{A85E0822-48A6-4368-A8D3-8D1575415447}.Debug|Win32.ActiveCfg = Debug|Win32
		{A85E0822-48A6-4368-A8D3-8D1575415447}.Debug|Win32.Build.0 = Debug|Win32
		{A85E0822-48A6-4368-A8D3-8D1575415447}.Debug|x64.ActiveCfg = Debug|x64
		{A85E0822-48A6-4368-A8D3-8D1575415447}.Debug|x64.Build.0 = Debug|x64
		{A85E0822-48A6-4368-A8D3-8D1575415447}.GamePlayBuild32|Win32.ActiveCfg = Release|Win32
		{A85E0822-48A6-4368-A8D3-8D1575415447}.GamePlayBuild32|Win32.Build.0 = Release|Win32
		{A85E0822-48A6-4368-A8D3-8D1575415447}.GamePlayBuild32|x64.ActiveCfg = Release|x64
		{A85E0822-48A6-4368-A8D3-8D1575415447}.GamePlayBuild32|x64.Build.0 = Release|x64
		{A85E0822-48A6-4368-A8D3-8D1575415447}.Release|Win32.ActiveCfg = Release|Win32
		{A85E0822-48A6-4368-A8D3-8D1575415447}.Release|Win32.Build.0 = Release|Win32
		{A85E0822-48A6-4368-A8D3-8D1575415447}.Release|x64.ActiveCfg = Release|x64
		{A85E0822-48A6-4368-A8D3-8D1575415447}.Release|x64.Build.0 = Release|x64
		{A85E0822-48A6-4368-A8D3-8D1575415447}.ToolsBuild32|Win32.ActiveCfg = Release|Win32
		{A85E0822-48A6-4368-A8D3-8D1575415447}.ToolsBuild32|Win32.Build.0 = Release|Win32
		{A85E0822-48A6-4368-A8D3-8D1575415447}.ToolsBuild32|x64.ActiveCfg = Release|x64
		{A85E0822-48A6-4368-A8D3-8D1575415447}.ToolsBuild32|x64.Build.0 = Release|x64
		{028CD2AA-AD64-41E2-8B5D-23A81CCB1068}.Debug|Win32.ActiveCfg = Debug|Win32
		{028CD2AA-AD64-41E2-8B5D-23A81CCB1068}.Debug|Win32.Build.0 = Debug|Win32
		{028CD2AA-AD64-41E2-8B5D-23A81CCB1068}.Debug|x64.ActiveCfg = Debug|x64
		{028CD2AA-AD64-41E2-8B5D-23A81CCB1068}.Debug|x64.Build.0 = Debug|x64
		{028CD2AA-AD64-41E2-8B5D-23A81CCB1068}.GamePlayBuild32|Win32.ActiveCfg = Release|Win32
		{028CD2AA-AD64-41E2-8B5D-23A81CCB1068}.GamePlayBuild32|Win32.Build.0 = Release|Win32
		{028CD2AA-AD64-41E2-8B5D-23A81CCB1068}.GamePlayBuild32|x64.ActiveCfg = Release|x64
		{028CD2AA-AD64-41E2-8B5D-23A81CCB1068}.GamePlayBuild32|x64.Build.0 = Release|x64
		{028CD2AA-AD64-41E2-8B5D-23A81CCB1068}.Release|Win32.ActiveCfg = Release|Win32
		{028CD2AA-AD64-41E2-8B5D-23A81CCB1068}.Release|Win32.Build.0 = Release|Win32
		{028CD2AA-AD64-41E2-8B5D-23A81CCB1068}.Release|x64.ActiveCfg = Release|x64
		{028CD2AA-AD64-41E2-8B5D-23A81CCB1068}.Release|x64.Build.0 = Release|x64
		{028CD2AA-AD64-41E2-8B5D-23A81CCB1068}.ToolsBuild32|Win32.ActiveCfg = Release|Win32
		{028CD2AA-AD64-41E2-8B5D-23A81CCB1068}.ToolsBuild32|Win32.Build.0 = Release|Win32
		{028CD2AA-AD64-41E2-8B5D-23A81CCB1068}.ToolsBuild32|x64.ActiveCfg = Release|x64
		{028CD2AA-AD64-41E2-8B5D-23A81CCB1068}.ToolsBuild32|x64.Build.0 = Release|x64
		{874ED393-0310-44BD-9005-C67AD42F1DB4}.Debug|Win32.ActiveCfg = Debug|Win32
		{874ED393-0310-44BD-9005-C67AD42F1DB4}.Debug|Win32.Build.0 = Debug|Win32
		{874ED393-0310-44BD-9005-C67AD42F1DB4}.Debug|x64.ActiveCfg = Debug|x64
		{874ED393-0310-44BD-9005-C67AD42F1DB4}.Debug|x64.Build.0 = Debug|x64
		{874ED393-0310-44BD-9005-C67AD42F1DB4}.GamePlayBuild32|Win32.ActiveCfg = Release|Win32
		{874ED393-0310-44BD-9005-C67AD42F1DB4}.GamePlayBuild32|Win32.Build.0 = Release|Win32
		{874ED393-0310-44BD-9005-C67AD42F1DB4}.GamePlayBuild32|x64.ActiveCfg = Release|x64
		{874ED393-0310-44BD-9005-C67AD42F1DB4}.GamePlayBuild32|x64.Build.0 = Release|x64
		{874ED393-0310-44BD-9005-C67AD42F1DB4}.Release|Win32.ActiveCfg = Release|Win32
		{874ED393-0310-44BD-9005-C67AD42F1DB4}.Release|Win32.Build.0 = Release|Win32
		{874ED393-0310-44BD-9005-C67AD42F1DB4}.Release|x64.ActiveCfg = Release|x64
		{874ED393-0310-44BD-9005-C67AD42F1DB4}.Release|x64.Build.0 = Release|x64
		{874ED393-0310-44BD-9005-C67AD42F1DB4}.ToolsBuild32|Win32.ActiveCfg = Release|Win32
		{874ED393-0310-44BD-9005-C67AD42F1DB4}.ToolsBuild32|Win32.Build.0 = Release|Win32
		{874ED393-0310-44BD-9005-C67AD42F1DB4}.ToolsBuild32|x64.ActiveCfg = Release|x64
		{874ED393-0310-44BD-9005-C67AD42F1DB4}.ToolsBuild32|x64.Build.0 = Release|x64
	EndGlobalSection
	GlobalSection(SolutionProperties) = preSolution
		HideSolutionNode = FALSE
	EndGlobalSection
	GlobalSection(NestedProjects) = preSolution
		{CC93BCA6-6B15-4859-88DC-0747C4A06BCA} = {22C99FB5-AE52-43FE-8E50-65A40BE5A9D8}
		{739203C8-CB6E-4114-873E-2BE156583909} = {C73BBAF5-B35C-4A0D-8676-213D8CEA5FDA}
		{6FCCB6AB-2C5D-4C09-9327-9E3AD08D52C8} = {C73BBAF5-B35C-4A0D-8676-213D8CEA5FDA}
		{A85E0822-48A6-4368-A8D3-8D1575415447} = {C73BBAF5-B35C-4A0D-8676-213D8CEA5FDA}
		{028CD2AA-AD64-41E2-8B5D-23A81CCB1068} = {A4BBF7E5-8154-454C-A3BF-69E640F00D21}
		{0F2DDA09-4937-46B3-BAF9-62DA979772A6} = {6F9C753A-F093-4AD9-A05F-A718FF5A0982}
		{5B6ECEEC-AA17-4FE8-B332-0406DDC27CE3} = {6F9C753A-F093-4AD9-A05F-A718FF5A0982}
		{874ED393-0310-44BD-9005-C67AD42F1DB4} = {0F2DDA09-4937-46B3-BAF9-62DA979772A6}
	EndGlobalSection
EndGlobal
