
Microsoft Visual Studio Solution File, Format Version 10.00
# Visual Studio 2008
Project("{8BC9CEB8-8B4A-11D0-8D11-00A0C91BC942}") = "PX2Foundation_v90", "PX2Foundation\PX2Foundation_v90.vcproj", "{308E7CA0-2F02-4E26-A442-9982DFE8CA53}"
EndProject
Project("{8BC9CEB8-8B4A-11D0-8D11-00A0C91BC942}") = "PX2Extends_v90", "PX2Extends\PX2Extends_v90.vcproj", "{F9B19F07-8F09-446A-9765-04D5FFF6C9DE}"
EndProject
Project("{2150E333-8FDC-42A3-9474-1A3956D46DE8}") = "Player", "Player", "{31B8A9E5-F170-4729-8070-57015A2A314F}"
EndProject
Project("{8BC9CEB8-8B4A-11D0-8D11-00A0C91BC942}") = "PX2AppPlayer_v90", "PX2AppPlayer\PX2AppPlayer_v90.vcproj", "{AB2BD6E7-0AC8-4BF9-BEB0-538438AD775B}"
EndProject
Project("{2150E333-8FDC-42A3-9474-1A3956D46DE8}") = "Libs", "Libs", "{DBA3743D-95F6-4EDC-8B9E-2A2F51A3E63C}"
EndProject
Project("{2150E333-8FDC-42A3-9474-1A3956D46DE8}") = "Projects", "Projects", "{208CBAB0-BB92-405E-8970-CC2A64823B1F}"
EndProject
Project("{8BC9CEB8-8B4A-11D0-8D11-00A0C91BC942}") = "Soccer_v90", "Projects\Client\Soccer\Soccer_v90.vcproj", "{EEE880DE-EE5B-41A1-9B78-7AA598FA8DD4}"
EndProject
Project("{2150E333-8FDC-42A3-9474-1A3956D46DE8}") = "Tools", "Tools", "{41A75279-6817-47F6-92F5-721246026FB9}"
EndProject
Project("{8BC9CEB8-8B4A-11D0-8D11-00A0C91BC942}") = "Nirvana_v90", "Tools\Nirvana\Nirvana_v90.vcproj", "{DB4F3519-BBDB-478E-9AA4-0A11F12F19DE}"
EndProject
Project("{8BC9CEB8-8B4A-11D0-8D11-00A0C91BC942}") = "NIRVANA2_v90", "Tools\NIRVANA2\NIRVANA2_v90.vcproj", "{F6468079-8F0A-4B41-8220-A62736FF9328}"
EndProject
Project("{8BC9CEB8-8B4A-11D0-8D11-00A0C91BC942}") = "FxCompiler_v90", "Tools\FxCompiler\FxCompiler_v90.vcproj", "{BB6FCE7D-A93D-4C0F-9450-ABEE326DDF48}"
EndProject
Global
	GlobalSection(SolutionConfigurationPlatforms) = preSolution
		Debug|Win32 = Debug|Win32
		Release|Win32 = Release|Win32
	EndGlobalSection
	GlobalSection(ProjectConfigurationPlatforms) = postSolution
		{308E7CA0-2F02-4E26-A442-9982DFE8CA53}.Debug|Win32.ActiveCfg = Debug|Win32
		{308E7CA0-2F02-4E26-A442-9982DFE8CA53}.Debug|Win32.Build.0 = Debug|Win32
		{308E7CA0-2F02-4E26-A442-9982DFE8CA53}.Release|Win32.ActiveCfg = Release|Win32
		{308E7CA0-2F02-4E26-A442-9982DFE8CA53}.Release|Win32.Build.0 = Release|Win32
		{F9B19F07-8F09-446A-9765-04D5FFF6C9DE}.Debug|Win32.ActiveCfg = Debug|Win32
		{F9B19F07-8F09-446A-9765-04D5FFF6C9DE}.Debug|Win32.Build.0 = Debug|Win32
		{F9B19F07-8F09-446A-9765-04D5FFF6C9DE}.Release|Win32.ActiveCfg = Release|Win32
		{F9B19F07-8F09-446A-9765-04D5FFF6C9DE}.Release|Win32.Build.0 = Release|Win32
		{AB2BD6E7-0AC8-4BF9-BEB0-538438AD775B}.Debug|Win32.ActiveCfg = Debug|Win32
		{AB2BD6E7-0AC8-4BF9-BEB0-538438AD775B}.Debug|Win32.Build.0 = Debug|Win32
		{AB2BD6E7-0AC8-4BF9-BEB0-538438AD775B}.Release|Win32.ActiveCfg = Release|Win32
		{AB2BD6E7-0AC8-4BF9-BEB0-538438AD775B}.Release|Win32.Build.0 = Release|Win32
		{EEE880DE-EE5B-41A1-9B78-7AA598FA8DD4}.Debug|Win32.ActiveCfg = Debug|Win32
		{EEE880DE-EE5B-41A1-9B78-7AA598FA8DD4}.Debug|Win32.Build.0 = Debug|Win32
		{EEE880DE-EE5B-41A1-9B78-7AA598FA8DD4}.Release|Win32.ActiveCfg = Release|Win32
		{EEE880DE-EE5B-41A1-9B78-7AA598FA8DD4}.Release|Win32.Build.0 = Release|Win32
		{DB4F3519-BBDB-478E-9AA4-0A11F12F19DE}.Debug|Win32.ActiveCfg = Debug|Win32
		{DB4F3519-BBDB-478E-9AA4-0A11F12F19DE}.Debug|Win32.Build.0 = Debug|Win32
		{DB4F3519-BBDB-478E-9AA4-0A11F12F19DE}.Release|Win32.ActiveCfg = Release|Win32
		{DB4F3519-BBDB-478E-9AA4-0A11F12F19DE}.Release|Win32.Build.0 = Release|Win32
		{F6468079-8F0A-4B41-8220-A62736FF9328}.Debug|Win32.ActiveCfg = Debug|Win32
		{F6468079-8F0A-4B41-8220-A62736FF9328}.Debug|Win32.Build.0 = Debug|Win32
		{F6468079-8F0A-4B41-8220-A62736FF9328}.Release|Win32.ActiveCfg = Release|Win32
		{F6468079-8F0A-4B41-8220-A62736FF9328}.Release|Win32.Build.0 = Release|Win32
		{BB6FCE7D-A93D-4C0F-9450-ABEE326DDF48}.Debug|Win32.ActiveCfg = Debug|Win32
		{BB6FCE7D-A93D-4C0F-9450-ABEE326DDF48}.Debug|Win32.Build.0 = Debug|Win32
		{BB6FCE7D-A93D-4C0F-9450-ABEE326DDF48}.Release|Win32.ActiveCfg = Release|Win32
		{BB6FCE7D-A93D-4C0F-9450-ABEE326DDF48}.Release|Win32.Build.0 = Release|Win32
	EndGlobalSection
	GlobalSection(SolutionProperties) = preSolution
		HideSolutionNode = FALSE
	EndGlobalSection
	GlobalSection(NestedProjects) = preSolution
		{F9B19F07-8F09-446A-9765-04D5FFF6C9DE} = {DBA3743D-95F6-4EDC-8B9E-2A2F51A3E63C}
		{308E7CA0-2F02-4E26-A442-9982DFE8CA53} = {DBA3743D-95F6-4EDC-8B9E-2A2F51A3E63C}
		{AB2BD6E7-0AC8-4BF9-BEB0-538438AD775B} = {31B8A9E5-F170-4729-8070-57015A2A314F}
		{EEE880DE-EE5B-41A1-9B78-7AA598FA8DD4} = {208CBAB0-BB92-405E-8970-CC2A64823B1F}
		{DB4F3519-BBDB-478E-9AA4-0A11F12F19DE} = {41A75279-6817-47F6-92F5-721246026FB9}
		{F6468079-8F0A-4B41-8220-A62736FF9328} = {41A75279-6817-47F6-92F5-721246026FB9}
		{BB6FCE7D-A93D-4C0F-9450-ABEE326DDF48} = {41A75279-6817-47F6-92F5-721246026FB9}
	EndGlobalSection
EndGlobal
